
Microsoft Visual Studio Solution File, Format Version 12.00
# Visual Studio Version 17
VisualStudioVersion = 17.11.35222.181
MinimumVisualStudioVersion = 10.0.40219.1
Project("{FAE04EC0-301F-11D3-BF4B-00C04F79EFBC}") = "SnakeChaser", "SnakeChaser.csproj", "{FFB0DB20-AC41-4137-A74E-D9706A1AD13F}"
EndProject
Global
	GlobalSection(SolutionConfigurationPlatforms) = preSolution
		Debug|Any CPU = Debug|Any CPU
		Release|Any CPU = Release|Any CPU
	EndGlobalSection
	GlobalSection(ProjectConfigurationPlatforms) = postSolution
		{FFB0DB20-AC41-4137-A74E-D9706A1AD13F}.Debug|Any CPU.ActiveCfg = Debug|Any CPU
		{FFB0DB20-AC41-4137-A74E-D9706A1AD13F}.Debug|Any CPU.Build.0 = Debug|Any CPU
		{FFB0DB20-AC41-4137-A74E-D9706A1AD13F}.Release|Any CPU.ActiveCfg = Release|Any CPU
		{FFB0DB20-AC41-4137-A74E-D9706A1AD13F}.Release|Any CPU.Build.0 = Release|Any CPU
	EndGlobalSection
	GlobalSection(SolutionProperties) = preSolution
		HideSolutionNode = FALSE
	EndGlobalSection
	GlobalSection(ExtensibilityGlobals) = postSolution
		SolutionGuid = {C4F710F0-EC46-4D6E-9F76-28D15BCFEB9D}
	EndGlobalSection
EndGlobal
